
Microsoft Visual Studio Solution File, Format Version 12.00
# Visual Studio 15
VisualStudioVersion = 15.0.27004.2005
MinimumVisualStudioVersion = 10.0.40219.1
Project("{FAE04EC0-301F-11D3-BF4B-00C04F79EFBC}") = "EnterpriseLoggingSample", "EnterpriseLoggingSample\EnterpriseLoggingSample.csproj", "{9B685633-82CF-4FBB-9177-C086F5690ED9}"
EndProject
Global
	GlobalSection(SolutionConfigurationPlatforms) = preSolution
		Debug|Any CPU = Debug|Any CPU
		Release|Any CPU = Release|Any CPU
	EndGlobalSection
	GlobalSection(ProjectConfigurationPlatforms) = postSolution
		{9B685633-82CF-4FBB-9177-C086F5690ED9}.Debug|Any CPU.ActiveCfg = Debug|Any CPU
		{9B685633-82CF-4FBB-9177-C086F5690ED9}.Debug|Any CPU.Build.0 = Debug|Any CPU
		{9B685633-82CF-4FBB-9177-C086F5690ED9}.Release|Any CPU.ActiveCfg = Release|Any CPU
		{9B685633-82CF-4FBB-9177-C086F5690ED9}.Release|Any CPU.Build.0 = Release|Any CPU
	EndGlobalSection
	GlobalSection(SolutionProperties) = preSolution
		HideSolutionNode = FALSE
	EndGlobalSection
	GlobalSection(ExtensibilityGlobals) = postSolution
		EnterpriseLibraryConfigurationToolBinariesPathV6 = packages\EnterpriseLibrary.Common.6.0.1304.0\lib\NET45;packages\EnterpriseLibrary.Logging.6.0.1304.0\lib\NET45
		SolutionGuid = {478865A7-1900-44AD-907D-15D6D60C2D30}
	EndGlobalSection
EndGlobal
